
Microsoft Visual Studio Solution File, Format Version 12.00
# Visual Studio Version 17
VisualStudioVersion = 17.0.31903.59
MinimumVisualStudioVersion = 10.0.40219.1
Project("{FAE04EC0-301F-11D3-BF4B-00C04F79EFBC}") = "Guided and Challenge Project", "Guided and Challenge Project\Guided and Challenge Project.csproj", "{E3801FF3-1E14-4CBC-A761-7B1C3F035528}"
EndProject
Global
	GlobalSection(SolutionConfigurationPlatforms) = preSolution
		Debug|Any CPU = Debug|Any CPU
		Release|Any CPU = Release|Any CPU
	EndGlobalSection
	GlobalSection(SolutionProperties) = preSolution
		HideSolutionNode = FALSE
	EndGlobalSection
	GlobalSection(ProjectConfigurationPlatforms) = postSolution
		{E3801FF3-1E14-4CBC-A761-7B1C3F035528}.Debug|Any CPU.ActiveCfg = Debug|Any CPU
		{E3801FF3-1E14-4CBC-A761-7B1C3F035528}.Debug|Any CPU.Build.0 = Debug|Any CPU
		{E3801FF3-1E14-4CBC-A761-7B1C3F035528}.Release|Any CPU.ActiveCfg = Release|Any CPU
		{E3801FF3-1E14-4CBC-A761-7B1C3F035528}.Release|Any CPU.Build.0 = Release|Any CPU
	EndGlobalSection
EndGlobal
